
Microsoft Visual Studio Solution File, Format Version 12.00
# Visual Studio Version 17
VisualStudioVersion = 17.1.32421.90
MinimumVisualStudioVersion = 10.0.40219.1
Project("{FAE04EC0-301F-11D3-BF4B-00C04F79EFBC}") = "EmpAndOrgUsingEF", "EmpAndOrgUsingEF.csproj", "{2B6D020A-C88B-4169-BB55-F6093BA9290E}"
EndProject
Project("{9A19103F-16F7-4668-BE54-9A1E7A4F7556}") = "EmpOrgEFConsoleApp", "..\EmpOrgEFConsoleApp\EmpOrgEFConsoleApp.csproj", "{5A441E6B-E8A6-468C-9158-626A3E04CC11}"
EndProject
Global
	GlobalSection(SolutionConfigurationPlatforms) = preSolution
		Debug|Any CPU = Debug|Any CPU
		Release|Any CPU = Release|Any CPU
	EndGlobalSection
	GlobalSection(ProjectConfigurationPlatforms) = postSolution
		{2B6D020A-C88B-4169-BB55-F6093BA9290E}.Debug|Any CPU.ActiveCfg = Debug|Any CPU
		{2B6D020A-C88B-4169-BB55-F6093BA9290E}.Debug|Any CPU.Build.0 = Debug|Any CPU
		{2B6D020A-C88B-4169-BB55-F6093BA9290E}.Release|Any CPU.ActiveCfg = Release|Any CPU
		{2B6D020A-C88B-4169-BB55-F6093BA9290E}.Release|Any CPU.Build.0 = Release|Any CPU
		{5A441E6B-E8A6-468C-9158-626A3E04CC11}.Debug|Any CPU.ActiveCfg = Debug|Any CPU
		{5A441E6B-E8A6-468C-9158-626A3E04CC11}.Debug|Any CPU.Build.0 = Debug|Any CPU
		{5A441E6B-E8A6-468C-9158-626A3E04CC11}.Release|Any CPU.ActiveCfg = Release|Any CPU
		{5A441E6B-E8A6-468C-9158-626A3E04CC11}.Release|Any CPU.Build.0 = Release|Any CPU
	EndGlobalSection
	GlobalSection(SolutionProperties) = preSolution
		HideSolutionNode = FALSE
	EndGlobalSection
	GlobalSection(ExtensibilityGlobals) = postSolution
		SolutionGuid = {0708FD27-2047-45A9-8EE3-DC78D7664F55}
	EndGlobalSection
EndGlobal
